// !$*UTF8*$!
{
	archiveVersion = 1;
	classes = {
	};
	objectVersion = 51;
	objects = {

/* Begin PBXBuildFile section */
		8302BC1C2451F174002DF92C /* AppDelegate.swift in Sources */ = {isa = PBXBuildFile; fileRef = 8302BC1B2451F174002DF92C /* AppDelegate.swift */; };
		8302BC1E2451F174002DF92C /* SceneDelegate.swift in Sources */ = {isa = PBXBuildFile; fileRef = 8302BC1D2451F174002DF92C /* SceneDelegate.swift */; };
		8302BC202451F174002DF92C /* ViewController.swift in Sources */ = {isa = PBXBuildFile; fileRef = 8302BC1F2451F174002DF92C /* ViewController.swift */; };
		8302BC232451F174002DF92C /* Main.storyboard in Resources */ = {isa = PBXBuildFile; fileRef = 8302BC212451F174002DF92C /* Main.storyboard */; };
		8302BC252451F175002DF92C /* Assets.xcassets in Resources */ = {isa = PBXBuildFile; fileRef = 8302BC242451F175002DF92C /* Assets.xcassets */; };
		8302BC282451F175002DF92C /* LaunchScreen.storyboard in Resources */ = {isa = PBXBuildFile; fileRef = 8302BC262451F175002DF92C /* LaunchScreen.storyboard */; };
		8350C745245C21B30087A745 /* TextViewController.swift in Sources */ = {isa = PBXBuildFile; fileRef = 8350C744245C21B30087A745 /* TextViewController.swift */; };
		F740890B5E7F2602E27A7210 /* Pods_ListenText.framework in Frameworks */ = {isa = PBXBuildFile; fileRef = 7A1CBACA31B9A1D338805E63 /* Pods_ListenText.framework */; };
/* End PBXBuildFile section */

/* Begin PBXFileReference section */
		174510EFCC43A43EBEC1F95E /* Pods-ListenText.debug.xcconfig */ = {isa = PBXFileReference; includeInIndex = 1; lastKnownFileType = text.xcconfig; name = "Pods-ListenText.debug.xcconfig"; path = "Target Support Files/Pods-ListenText/Pods-ListenText.debug.xcconfig"; sourceTree = "<group>"; };
		429C8FCC43941DA4433BCADA /* Pods-ListenText.release.xcconfig */ = {isa = PBXFileReference; includeInIndex = 1; lastKnownFileType = text.xcconfig; name = "Pods-ListenText.release.xcconfig"; path = "Target Support Files/Pods-ListenText/Pods-ListenText.release.xcconfig"; sourceTree = "<group>"; };
		7A1CBACA31B9A1D338805E63 /* Pods_ListenText.framework */ = {isa = PBXFileReference; explicitFileType = wrapper.framework; includeInIndex = 0; path = Pods_ListenText.framework; sourceTree = BUILT_PRODUCTS_DIR; };
		8302BC182451F174002DF92C /* ListenText.app */ = {isa = PBXFileReference; explicitFileType = wrapper.application; includeInIndex = 0; path = ListenText.app; sourceTree = BUILT_PRODUCTS_DIR; };
		8302BC1B2451F174002DF92C /* AppDelegate.swift */ = {isa = PBXFileReference; lastKnownFileType = sourcecode.swift; path = AppDelegate.swift; sourceTree = "<group>"; };
		8302BC1D2451F174002DF92C /* SceneDelegate.swift */ = {isa = PBXFileReference; lastKnownFileType = sourcecode.swift; path = SceneDelegate.swift; sourceTree = "<group>"; };
		8302BC1F2451F174002DF92C /* ViewController.swift */ = {isa = PBXFileReference; lastKnownFileType = sourcecode.swift; path = ViewController.swift; sourceTree = "<group>"; };
		8302BC222451F174002DF92C /* Base */ = {isa = PBXFileReference; lastKnownFileType = file.storyboard; name = Base; path = Base.lproj/Main.storyboard; sourceTree = "<group>"; };
		8302BC242451F175002DF92C /* Assets.xcassets */ = {isa = PBXFileReference; lastKnownFileType = folder.assetcatalog; path = Assets.xcassets; sourceTree = "<group>"; };
		8302BC272451F175002DF92C /* Base */ = {isa = PBXFileReference; lastKnownFileType = file.storyboard; name = Base; path = Base.lproj/LaunchScreen.storyboard; sourceTree = "<group>"; };
		8302BC292451F175002DF92C /* Info.plist */ = {isa = PBXFileReference; lastKnownFileType = text.plist.xml; path = Info.plist; sourceTree = "<group>"; };
		8350C744245C21B30087A745 /* TextViewController.swift */ = {isa = PBXFileReference; lastKnownFileType = sourcecode.swift; path = TextViewController.swift; sourceTree = "<group>"; };
/* End PBXFileReference section */

/* Begin PBXFrameworksBuildPhase section */
		8302BC152451F174002DF92C /* Frameworks */ = {
			isa = PBXFrameworksBuildPhase;
			buildActionMask = 2147483647;
			files = (
				F740890B5E7F2602E27A7210 /* Pods_ListenText.framework in Frameworks */,
			);
			runOnlyForDeploymentPostprocessing = 0;
		};
/* End PBXFrameworksBuildPhase section */

/* Begin PBXGroup section */
		225029BD6E0BD0A2F0E8BD22 /* Pods */ = {
			isa = PBXGroup;
			children = (
				174510EFCC43A43EBEC1F95E /* Pods-ListenText.debug.xcconfig */,
				429C8FCC43941DA4433BCADA /* Pods-ListenText.release.xcconfig */,
			);
			path = Pods;
			sourceTree = "<group>";
		};
		4359BFCFA8A94CE3A8843264 /* Frameworks */ = {
			isa = PBXGroup;
			children = (
				7A1CBACA31B9A1D338805E63 /* Pods_ListenText.framework */,
			);
			name = Frameworks;
			sourceTree = "<group>";
		};
		8302BC0F2451F174002DF92C = {
			isa = PBXGroup;
			children = (
				8302BC1A2451F174002DF92C /* ListenText */,
				8302BC192451F174002DF92C /* Products */,
				225029BD6E0BD0A2F0E8BD22 /* Pods */,
				4359BFCFA8A94CE3A8843264 /* Frameworks */,
			);
			sourceTree = "<group>";
		};
		8302BC192451F174002DF92C /* Products */ = {
			isa = PBXGroup;
			children = (
				8302BC182451F174002DF92C /* ListenText.app */,
			);
			name = Products;
			sourceTree = "<group>";
		};
		8302BC1A2451F174002DF92C /* ListenText */ = {
			isa = PBXGroup;
			children = (
				8302BC1B2451F174002DF92C /* AppDelegate.swift */,
				8302BC1D2451F174002DF92C /* SceneDelegate.swift */,
				8302BC1F2451F174002DF92C /* ViewController.swift */,
				8350C744245C21B30087A745 /* TextViewController.swift */,
				8302BC212451F174002DF92C /* Main.storyboard */,
				8302BC242451F175002DF92C /* Assets.xcassets */,
				8302BC262451F175002DF92C /* LaunchScreen.storyboard */,
				8302BC292451F175002DF92C /* Info.plist */,
			);
			path = ListenText;
			sourceTree = "<group>";
		};
/* End PBXGroup section */

/* Begin PBXNativeTarget section */
		8302BC172451F174002DF92C /* ListenText */ = {
			isa = PBXNativeTarget;
			buildConfigurationList = 8302BC2C2451F175002DF92C /* Build configuration list for PBXNativeTarget "ListenText" */;
			buildPhases = (
				A9308642E8CED789952EA90C /* [CP] Check Pods Manifest.lock */,
				8302BC142451F174002DF92C /* Sources */,
				8302BC152451F174002DF92C /* Frameworks */,
				8302BC162451F174002DF92C /* Resources */,
				1AB407E426E3D5C039F62E2A /* [CP] Embed Pods Frameworks */,
			);
			buildRules = (
			);
			dependencies = (
			);
			name = ListenText;
			productName = ListenText;
			productReference = 8302BC182451F174002DF92C /* ListenText.app */;
			productType = "com.apple.product-type.application";
		};
/* End PBXNativeTarget section */

/* Begin PBXProject section */
		8302BC102451F174002DF92C /* Project object */ = {
			isa = PBXProject;
			attributes = {
				LastSwiftUpdateCheck = 1130;
				LastUpgradeCheck = 1130;
				ORGANIZATIONNAME = "Duo Chen";
				TargetAttributes = {
					8302BC172451F174002DF92C = {
						CreatedOnToolsVersion = 11.3.1;
					};
				};
			};
			buildConfigurationList = 8302BC132451F174002DF92C /* Build configuration list for PBXProject "ListenText" */;
			compatibilityVersion = "Xcode 9.3";
			developmentRegion = en;
			hasScannedForEncodings = 0;
			knownRegions = (
				en,
				Base,
			);
			mainGroup = 8302BC0F2451F174002DF92C;
			productRefGroup = 8302BC192451F174002DF92C /* Products */;
			projectDirPath = "";
			projectRoot = "";
			targets = (
				8302BC172451F174002DF92C /* ListenText */,
			);
		};
/* End PBXProject section */

/* Begin PBXResourcesBuildPhase section */
		8302BC162451F174002DF92C /* Resources */ = {
			isa = PBXResourcesBuildPhase;
			buildActionMask = 2147483647;
			files = (
				8302BC282451F175002DF92C /* LaunchScreen.storyboard in Resources */,
				8302BC252451F175002DF92C /* Assets.xcassets in Resources */,
				8302BC232451F174002DF92C /* Main.storyboard in Resources */,
			);
			runOnlyForDeploymentPostprocessing = 0;
		};
/* End PBXResourcesBuildPhase section */

/* Begin PBXShellScriptBuildPhase section */
		1AB407E426E3D5C039F62E2A /* [CP] Embed Pods Frameworks */ = {
			isa = PBXShellScriptBuildPhase;
			buildActionMask = 2147483647;
			files = (
			);
			inputFileListPaths = (
				"${PODS_ROOT}/Target Support Files/Pods-ListenText/Pods-ListenText-frameworks-${CONFIGURATION}-input-files.xcfilelist",
			);
			name = "[CP] Embed Pods Frameworks";
			outputFileListPaths = (
				"${PODS_ROOT}/Target Support Files/Pods-ListenText/Pods-ListenText-frameworks-${CONFIGURATION}-output-files.xcfilelist",
			);
			runOnlyForDeploymentPostprocessing = 0;
			shellPath = /bin/sh;
			shellScript = "\"${PODS_ROOT}/Target Support Files/Pods-ListenText/Pods-ListenText-frameworks.sh\"\n";
			showEnvVarsInLog = 0;
		};
		A9308642E8CED789952EA90C /* [CP] Check Pods Manifest.lock */ = {
			isa = PBXShellScriptBuildPhase;
			buildActionMask = 2147483647;
			files = (
			);
			inputFileListPaths = (
			);
			inputPaths = (
				"${PODS_PODFILE_DIR_PATH}/Podfile.lock",
				"${PODS_ROOT}/Manifest.lock",
			);
			name = "[CP] Check Pods Manifest.lock";
			outputFileListPaths = (
			);
			outputPaths = (
				"$(DERIVED_FILE_DIR)/Pods-ListenText-checkManifestLockResult.txt",
			);
			runOnlyForDeploymentPostprocessing = 0;
			shellPath = /bin/sh;
			shellScript = "diff \"${PODS_PODFILE_DIR_PATH}/Podfile.lock\" \"${PODS_ROOT}/Manifest.lock\" > /dev/null\nif [ $? != 0 ] ; then\n    # print error to STDERR\n    echo \"error: The sandbox is not in sync with the Podfile.lock. Run 'pod install' or update your CocoaPods installation.\" >&2\n    exit 1\nfi\n# This output is used by Xcode 'outputs' to avoid re-running this script phase.\necho \"SUCCESS\" > \"${SCRIPT_OUTPUT_FILE_0}\"\n";
			showEnvVarsInLog = 0;
		};
/* End PBXShellScriptBuildPhase section */

/* Begin PBXSourcesBuildPhase section */
		8302BC142451F174002DF92C /* Sources */ = {
			isa = PBXSourcesBuildPhase;
			buildActionMask = 2147483647;
			files = (
				8302BC202451F174002DF92C /* ViewController.swift in Sources */,
				8302BC1C2451F174002DF92C /* AppDelegate.swift in Sources */,
				8302BC1E2451F174002DF92C /* SceneDelegate.swift in Sources */,
				8350C745245C21B30087A745 /* TextViewController.swift in Sources */,
			);
			runOnlyForDeploymentPostprocessing = 0;
		};
/* End PBXSourcesBuildPhase section */

/* Begin PBXVariantGroup section */
		8302BC212451F174002DF92C /* Main.storyboard */ = {
			isa = PBXVariantGroup;
			children = (
				8302BC222451F174002DF92C /* Base */,
			);
			name = Main.storyboard;
			sourceTree = "<group>";
		};
		8302BC262451F175002DF92C /* LaunchScreen.storyboard */ = {
			isa = PBXVariantGroup;
			children = (
				8302BC272451F175002DF92C /* Base */,
			);
			name = LaunchScreen.storyboard;
			sourceTree = "<group>";
		};
/* End PBXVariantGroup section */

/* Begin XCBuildConfiguration section */
		8302BC2A2451F175002DF92C /* Debug */ = {
			isa = XCBuildConfiguration;
			buildSettings = {
				ALWAYS_SEARCH_USER_PATHS = NO;
				CLANG_ANALYZER_NONNULL = YES;
				CLANG_ANALYZER_NUMBER_OBJECT_CONVERSION = YES_AGGRESSIVE;
				CLANG_CXX_LANGUAGE_STANDARD = "gnu++14";
				CLANG_CXX_LIBRARY = "libc++";
				CLANG_ENABLE_MODULES = YES;
				CLANG_ENABLE_OBJC_ARC = YES;
				CLANG_ENABLE_OBJC_WEAK = YES;
				CLANG_WARN_BLOCK_CAPTURE_AUTORELEASING = YES;
				CLANG_WARN_BOOL_CONVERSION = YES;
				CLANG_WARN_COMMA = YES;
				CLANG_WARN_CONSTANT_CONVERSION = YES;
				CLANG_WARN_DEPRECATED_OBJC_IMPLEMENTATIONS = YES;
				CLANG_WARN_DIRECT_OBJC_ISA_USAGE = YES_ERROR;
				CLANG_WARN_DOCUMENTATION_COMMENTS = YES;
				CLANG_WARN_EMPTY_BODY = YES;
				CLANG_WARN_ENUM_CONVERSION = YES;
				CLANG_WARN_INFINITE_RECURSION = YES;
				CLANG_WARN_INT_CONVERSION = YES;
				CLANG_WARN_NON_LITERAL_NULL_CONVERSION = YES;
				CLANG_WARN_OBJC_IMPLICIT_RETAIN_SELF = YES;
				CLANG_WARN_OBJC_LITERAL_CONVERSION = YES;
				CLANG_WARN_OBJC_ROOT_CLASS = YES_ERROR;
				CLANG_WARN_RANGE_LOOP_ANALYSIS = YES;
				CLANG_WARN_STRICT_PROTOTYPES = YES;
				CLANG_WARN_SUSPICIOUS_MOVE = YES;
				CLANG_WARN_UNGUARDED_AVAILABILITY = YES_AGGRESSIVE;
				CLANG_WARN_UNREACHABLE_CODE = YES;
				CLANG_WARN__DUPLICATE_METHOD_MATCH = YES;
				COPY_PHASE_STRIP = NO;
				DEBUG_INFORMATION_FORMAT = dwarf;
				ENABLE_STRICT_OBJC_MSGSEND = YES;
				ENABLE_TESTABILITY = YES;
				GCC_C_LANGUAGE_STANDARD = gnu11;
				GCC_DYNAMIC_NO_PIC = NO;
				GCC_NO_COMMON_BLOCKS = YES;
				GCC_OPTIMIZATION_LEVEL = 0;
				GCC_PREPROCESSOR_DEFINITIONS = (
					"DEBUG=1",
					"$(inherited)",
				);
				GCC_WARN_64_TO_32_BIT_CONVERSION = YES;
				GCC_WARN_ABOUT_RETURN_TYPE = YES_ERROR;
				GCC_WARN_UNDECLARED_SELECTOR = YES;
				GCC_WARN_UNINITIALIZED_AUTOS = YES_AGGRESSIVE;
				GCC_WARN_UNUSED_FUNCTION = YES;
				GCC_WARN_UNUSED_VARIABLE = YES;
				IPHONEOS_DEPLOYMENT_TARGET = 13.2;
				MTL_ENABLE_DEBUG_INFO = INCLUDE_SOURCE;
				MTL_FAST_MATH = YES;
				ONLY_ACTIVE_ARCH = YES;
				SDKROOT = iphoneos;
				SWIFT_ACTIVE_COMPILATION_CONDITIONS = DEBUG;
				SWIFT_OPTIMIZATION_LEVEL = "-Onone";
			};
			name = Debug;
		};
		8302BC2B2451F175002DF92C /* Release */ = {
			isa = XCBuildConfiguration;
			buildSettings = {
				ALWAYS_SEARCH_USER_PATHS = NO;
				CLANG_ANALYZER_NONNULL = YES;
				CLANG_ANALYZER_NUMBER_OBJECT_CONVERSION = YES_AGGRESSIVE;
				CLANG_CXX_LANGUAGE_STANDARD = "gnu++14";
				CLANG_CXX_LIBRARY = "libc++";
				CLANG_ENABLE_MODULES = YES;
				CLANG_ENABLE_OBJC_ARC = YES;
				CLANG_ENABLE_OBJC_WEAK = YES;
				CLANG_WARN_BLOCK_CAPTURE_AUTORELEASING = YES;
				CLANG_WARN_BOOL_CONVERSION = YES;
				CLANG_WARN_COMMA = YES;
				CLANG_WARN_CONSTANT_CONVERSION = YES;
				CLANG_WARN_DEPRECATED_OBJC_IMPLEMENTATIONS = YES;
				CLANG_WARN_DIRECT_OBJC_ISA_USAGE = YES_ERROR;
				CLANG_WARN_DOCUMENTATION_COMMENTS = YES;
				CLANG_WARN_EMPTY_BODY = YES;
				CLANG_WARN_ENUM_CONVERSION = YES;
				CLANG_WARN_INFINITE_RECURSION = YES;
				CLANG_WARN_INT_CONVERSION = YES;
				CLANG_WARN_NON_LITERAL_NULL_CONVERSION = YES;
				CLANG_WARN_OBJC_IMPLICIT_RETAIN_SELF = YES;
				CLANG_WARN_OBJC_LITERAL_CONVERSION = YES;
				CLANG_WARN_OBJC_ROOT_CLASS = YES_ERROR;
				CLANG_WARN_RANGE_LOOP_ANALYSIS = YES;
				CLANG_WARN_STRICT_PROTOTYPES = YES;
				CLANG_WARN_SUSPICIOUS_MOVE = YES;
				CLANG_WARN_UNGUARDED_AVAILABILITY = YES_AGGRESSIVE;
				CLANG_WARN_UNREACHABLE_CODE = YES;
				CLANG_WARN__DUPLICATE_METHOD_MATCH = YES;
				COPY_PHASE_STRIP = NO;
				DEBUG_INFORMATION_FORMAT = "dwarf-with-dsym";
				ENABLE_NS_ASSERTIONS = NO;
				ENABLE_STRICT_OBJC_MSGSEND = YES;
				GCC_C_LANGUAGE_STANDARD = gnu11;
				GCC_NO_COMMON_BLOCKS = YES;
				GCC_WARN_64_TO_32_BIT_CONVERSION = YES;
				GCC_WARN_ABOUT_RETURN_TYPE = YES_ERROR;
				GCC_WARN_UNDECLARED_SELECTOR = YES;
				GCC_WARN_UNINITIALIZED_AUTOS = YES_AGGRESSIVE;
				GCC_WARN_UNUSED_FUNCTION = YES;
				GCC_WARN_UNUSED_VARIABLE = YES;
				IPHONEOS_DEPLOYMENT_TARGET = 13.2;
				MTL_ENABLE_DEBUG_INFO = NO;
				MTL_FAST_MATH = YES;
				SDKROOT = iphoneos;
				SWIFT_COMPILATION_MODE = wholemodule;
				SWIFT_OPTIMIZATION_LEVEL = "-O";
				VALIDATE_PRODUCT = YES;
			};
			name = Release;
		};
		8302BC2D2451F175002DF92C /* Debug */ = {
			isa = XCBuildConfiguration;
			baseConfigurationReference = 174510EFCC43A43EBEC1F95E /* Pods-ListenText.debug.xcconfig */;
			buildSettings = {
				ASSETCATALOG_COMPILER_APPICON_NAME = AppIcon;
				CODE_SIGN_STYLE = Automatic;
				DEVELOPMENT_TEAM = W2WSUUZ344;
				INFOPLIST_FILE = ListenText/Info.plist;
				IPHONEOS_DEPLOYMENT_TARGET = 12.4;
				LD_RUNPATH_SEARCH_PATHS = (
					"$(inherited)",
					"@executable_path/Frameworks",
				);
				PRODUCT_BUNDLE_IDENTIFIER = com.duo.ListenText;
				PRODUCT_NAME = "$(TARGET_NAME)";
				SWIFT_VERSION = 5.0;
				TARGETED_DEVICE_FAMILY = "1,2";
			};
			name = Debug;
		};
		8302BC2E2451F175002DF92C /* Release */ = {
			isa = XCBuildConfiguration;
			baseConfigurationReference = 429C8FCC43941DA4433BCADA /* Pods-ListenText.release.xcconfig */;
			buildSettings = {
				ASSETCATALOG_COMPILER_APPICON_NAME = AppIcon;
				CODE_SIGN_STYLE = Automatic;
				DEVELOPMENT_TEAM = W2WSUUZ344;
				INFOPLIST_FILE = ListenText/Info.plist;
				IPHONEOS_DEPLOYMENT_TARGET = 12.4;
				LD_RUNPATH_SEARCH_PATHS = (
					"$(inherited)",
					"@executable_path/Frameworks",
				);
				PRODUCT_BUNDLE_IDENTIFIER = com.duo.ListenText;
				PRODUCT_NAME = "$(TARGET_NAME)";
				SWIFT_VERSION = 5.0;
				TARGETED_DEVICE_FAMILY = "1,2";
			};
			name = Release;
		};
/* End XCBuildConfiguration section */

/* Begin XCConfigurationList section */
		8302BC132451F174002DF92C /* Build configuration list for PBXProject "ListenText" */ = {
			isa = XCConfigurationList;
			buildConfigurations = (
				8302BC2A2451F175002DF92C /* Debug */,
				8302BC2B2451F175002DF92C /* Release */,
			);
			defaultConfigurationIsVisible = 0;
			defaultConfigurationName = Release;
		};
		8302BC2C2451F175002DF92C /* Build configuration list for PBXNativeTarget "ListenText" */ = {
			isa = XCConfigurationList;
			buildConfigurations = (
				8302BC2D2451F175002DF92C /* Debug */,
				8302BC2E2451F175002DF92C /* Release */,
			);
			defaultConfigurationIsVisible = 0;
			defaultConfigurationName = Release;
		};
/* End XCConfigurationList section */
	};
	rootObject = 8302BC102451F174002DF92C /* Project object */;
}
